
Microsoft Visual Studio Solution File, Format Version 12.00
# Visual Studio Version 16
VisualStudioVersion = 16.0.31025.194
MinimumVisualStudioVersion = 10.0.40219.1
Project("{FAE04EC0-301F-11D3-BF4B-00C04F79EFBC}") = "SkiGes_v2", "SkiGes_v2.csproj", "{972C9861-D9E1-4A2A-B9FC-99057A6BBFDA}"
EndProject
Project("{FAE04EC0-301F-11D3-BF4B-00C04F79EFBC}") = "SkiGes_v2.Tests", "..\SkiGes_v2.Tests\SkiGes_v2.Tests.csproj", "{10DA2C6A-57C0-4E1D-997E-88736A80F1F8}"
EndProject
Global
	GlobalSection(SolutionConfigurationPlatforms) = preSolution
		Debug|Any CPU = Debug|Any CPU
		Release|Any CPU = Release|Any CPU
	EndGlobalSection
	GlobalSection(ProjectConfigurationPlatforms) = postSolution
		{972C9861-D9E1-4A2A-B9FC-99057A6BBFDA}.Debug|Any CPU.ActiveCfg = Debug|Any CPU
		{972C9861-D9E1-4A2A-B9FC-99057A6BBFDA}.Debug|Any CPU.Build.0 = Debug|Any CPU
		{972C9861-D9E1-4A2A-B9FC-99057A6BBFDA}.Release|Any CPU.ActiveCfg = Release|Any CPU
		{972C9861-D9E1-4A2A-B9FC-99057A6BBFDA}.Release|Any CPU.Build.0 = Release|Any CPU
		{10DA2C6A-57C0-4E1D-997E-88736A80F1F8}.Debug|Any CPU.ActiveCfg = Debug|Any CPU
		{10DA2C6A-57C0-4E1D-997E-88736A80F1F8}.Debug|Any CPU.Build.0 = Debug|Any CPU
		{10DA2C6A-57C0-4E1D-997E-88736A80F1F8}.Release|Any CPU.ActiveCfg = Release|Any CPU
		{10DA2C6A-57C0-4E1D-997E-88736A80F1F8}.Release|Any CPU.Build.0 = Release|Any CPU
	EndGlobalSection
	GlobalSection(SolutionProperties) = preSolution
		HideSolutionNode = FALSE
	EndGlobalSection
	GlobalSection(ExtensibilityGlobals) = postSolution
		SolutionGuid = {3322A19F-AE09-4E74-B7C7-A6C9DCB04EEE}
	EndGlobalSection
EndGlobal
