
Microsoft Visual Studio Solution File, Format Version 12.00
# Visual Studio Version 16
VisualStudioVersion = 16.0.31025.194
MinimumVisualStudioVersion = 10.0.40219.1
Project("{FAE04EC0-301F-11D3-BF4B-00C04F79EFBC}") = "SkiGes_v1.0", "SkiGes_v1.0.csproj", "{EE928E8A-95EF-4C35-861D-C7CCB25BAEAA}"
EndProject
Project("{FAE04EC0-301F-11D3-BF4B-00C04F79EFBC}") = "SkiGes_v1.0.Tests", "..\SkiGes_v1.0.Tests\SkiGes_v1.0.Tests.csproj", "{2E9831BC-4EEA-444B-8EAF-52BC208E88F9}"
EndProject
Global
	GlobalSection(SolutionConfigurationPlatforms) = preSolution
		Debug|Any CPU = Debug|Any CPU
		Release|Any CPU = Release|Any CPU
	EndGlobalSection
	GlobalSection(ProjectConfigurationPlatforms) = postSolution
		{EE928E8A-95EF-4C35-861D-C7CCB25BAEAA}.Debug|Any CPU.ActiveCfg = Debug|Any CPU
		{EE928E8A-95EF-4C35-861D-C7CCB25BAEAA}.Debug|Any CPU.Build.0 = Debug|Any CPU
		{EE928E8A-95EF-4C35-861D-C7CCB25BAEAA}.Release|Any CPU.ActiveCfg = Release|Any CPU
		{EE928E8A-95EF-4C35-861D-C7CCB25BAEAA}.Release|Any CPU.Build.0 = Release|Any CPU
		{2E9831BC-4EEA-444B-8EAF-52BC208E88F9}.Debug|Any CPU.ActiveCfg = Debug|Any CPU
		{2E9831BC-4EEA-444B-8EAF-52BC208E88F9}.Debug|Any CPU.Build.0 = Debug|Any CPU
		{2E9831BC-4EEA-444B-8EAF-52BC208E88F9}.Release|Any CPU.ActiveCfg = Release|Any CPU
		{2E9831BC-4EEA-444B-8EAF-52BC208E88F9}.Release|Any CPU.Build.0 = Release|Any CPU
	EndGlobalSection
	GlobalSection(SolutionProperties) = preSolution
		HideSolutionNode = FALSE
	EndGlobalSection
	GlobalSection(ExtensibilityGlobals) = postSolution
		SolutionGuid = {4FCF8EC9-DB73-4700-A7EB-BBA111670131}
	EndGlobalSection
EndGlobal
